// !$*UTF8*$!
{
	archiveVersion = 1;
	classes = {
	};
	objectVersion = 50;
	objects = {

/* Begin PBXBuildFile section */
		6D4E4ED123B0235A006138BC /* AppDelegate.swift in Sources */ = {isa = PBXBuildFile; fileRef = 6D4E4ED023B0235A006138BC /* AppDelegate.swift */; };
		6D4E4ED823B0235A006138BC /* Main.storyboard in Resources */ = {isa = PBXBuildFile; fileRef = 6D4E4ED623B0235A006138BC /* Main.storyboard */; };
		6D4E4EDA23B0235F006138BC /* Assets.xcassets in Resources */ = {isa = PBXBuildFile; fileRef = 6D4E4ED923B0235F006138BC /* Assets.xcassets */; };
		6D4E4EDD23B0235F006138BC /* LaunchScreen.storyboard in Resources */ = {isa = PBXBuildFile; fileRef = 6D4E4EDB23B0235F006138BC /* LaunchScreen.storyboard */; };
		6D4E4EE523B02388006138BC /* HomeViewController.swift in Sources */ = {isa = PBXBuildFile; fileRef = 6D4E4EE423B02388006138BC /* HomeViewController.swift */; };
		6D4E4EE723B0238E006138BC /* PlayerViewController.swift in Sources */ = {isa = PBXBuildFile; fileRef = 6D4E4EE623B0238E006138BC /* PlayerViewController.swift */; };
		6D4E4EE923B02394006138BC /* QuickChart.swift in Sources */ = {isa = PBXBuildFile; fileRef = 6D4E4EE823B02394006138BC /* QuickChart.swift */; };
		87648493B2E958E98AEF7244 /* Pods_VLCstats.framework in Frameworks */ = {isa = PBXBuildFile; fileRef = 07DAE5C6B0307BF7EFE51159 /* Pods_VLCstats.framework */; };
/* End PBXBuildFile section */

/* Begin PBXFileReference section */
		07DAE5C6B0307BF7EFE51159 /* Pods_VLCstats.framework */ = {isa = PBXFileReference; explicitFileType = wrapper.framework; includeInIndex = 0; path = Pods_VLCstats.framework; sourceTree = BUILT_PRODUCTS_DIR; };
		6D4E4ECD23B0235A006138BC /* VLCstats.app */ = {isa = PBXFileReference; explicitFileType = wrapper.application; includeInIndex = 0; path = VLCstats.app; sourceTree = BUILT_PRODUCTS_DIR; };
		6D4E4ED023B0235A006138BC /* AppDelegate.swift */ = {isa = PBXFileReference; lastKnownFileType = sourcecode.swift; path = AppDelegate.swift; sourceTree = "<group>"; };
		6D4E4ED723B0235A006138BC /* Base */ = {isa = PBXFileReference; lastKnownFileType = file.storyboard; name = Base; path = Base.lproj/Main.storyboard; sourceTree = "<group>"; };
		6D4E4ED923B0235F006138BC /* Assets.xcassets */ = {isa = PBXFileReference; lastKnownFileType = folder.assetcatalog; path = Assets.xcassets; sourceTree = "<group>"; };
		6D4E4EDC23B0235F006138BC /* Base */ = {isa = PBXFileReference; lastKnownFileType = file.storyboard; name = Base; path = Base.lproj/LaunchScreen.storyboard; sourceTree = "<group>"; };
		6D4E4EDE23B02360006138BC /* Info.plist */ = {isa = PBXFileReference; lastKnownFileType = text.plist.xml; path = Info.plist; sourceTree = "<group>"; };
		6D4E4EE423B02388006138BC /* HomeViewController.swift */ = {isa = PBXFileReference; fileEncoding = 4; lastKnownFileType = sourcecode.swift; path = HomeViewController.swift; sourceTree = "<group>"; };
		6D4E4EE623B0238E006138BC /* PlayerViewController.swift */ = {isa = PBXFileReference; fileEncoding = 4; lastKnownFileType = sourcecode.swift; path = PlayerViewController.swift; sourceTree = "<group>"; };
		6D4E4EE823B02394006138BC /* QuickChart.swift */ = {isa = PBXFileReference; fileEncoding = 4; lastKnownFileType = sourcecode.swift; path = QuickChart.swift; sourceTree = "<group>"; };
		6D4E4EEB23B02722006138BC /* VLCstats-Bridging-Header.h */ = {isa = PBXFileReference; lastKnownFileType = sourcecode.c.h; path = "VLCstats-Bridging-Header.h"; sourceTree = "<group>"; };
		B9851FA967C0C8EB72C8EBCC /* Pods-VLCstats.release.xcconfig */ = {isa = PBXFileReference; includeInIndex = 1; lastKnownFileType = text.xcconfig; name = "Pods-VLCstats.release.xcconfig"; path = "Target Support Files/Pods-VLCstats/Pods-VLCstats.release.xcconfig"; sourceTree = "<group>"; };
		CFDD5ACAE21DC750333FE597 /* Pods-VLCstats.debug.xcconfig */ = {isa = PBXFileReference; includeInIndex = 1; lastKnownFileType = text.xcconfig; name = "Pods-VLCstats.debug.xcconfig"; path = "Target Support Files/Pods-VLCstats/Pods-VLCstats.debug.xcconfig"; sourceTree = "<group>"; };
/* End PBXFileReference section */

/* Begin PBXFrameworksBuildPhase section */
		6D4E4ECA23B0235A006138BC /* Frameworks */ = {
			isa = PBXFrameworksBuildPhase;
			buildActionMask = 2147483647;
			files = (
				87648493B2E958E98AEF7244 /* Pods_VLCstats.framework in Frameworks */,
			);
			runOnlyForDeploymentPostprocessing = 0;
		};
/* End PBXFrameworksBuildPhase section */

/* Begin PBXGroup section */
		6D4E4EC423B0235A006138BC = {
			isa = PBXGroup;
			children = (
				6D4E4ECF23B0235A006138BC /* VLCstats */,
				6D4E4ECE23B0235A006138BC /* Products */,
				B8B6D8E01CC7291B682CD9A5 /* Pods */,
				EA03BC93B32AB4ACA504B2F6 /* Frameworks */,
			);
			sourceTree = "<group>";
		};
		6D4E4ECE23B0235A006138BC /* Products */ = {
			isa = PBXGroup;
			children = (
				6D4E4ECD23B0235A006138BC /* VLCstats.app */,
			);
			name = Products;
			sourceTree = "<group>";
		};
		6D4E4ECF23B0235A006138BC /* VLCstats */ = {
			isa = PBXGroup;
			children = (
				6D4E4ED023B0235A006138BC /* AppDelegate.swift */,
				6D4E4EE423B02388006138BC /* HomeViewController.swift */,
				6D4E4EE623B0238E006138BC /* PlayerViewController.swift */,
				6D4E4EE823B02394006138BC /* QuickChart.swift */,
				6D4E4ED623B0235A006138BC /* Main.storyboard */,
				6D4E4ED923B0235F006138BC /* Assets.xcassets */,
				6D4E4EDB23B0235F006138BC /* LaunchScreen.storyboard */,
				6D4E4EDE23B02360006138BC /* Info.plist */,
				6D4E4EEB23B02722006138BC /* VLCstats-Bridging-Header.h */,
			);
			path = VLCstats;
			sourceTree = "<group>";
		};
		B8B6D8E01CC7291B682CD9A5 /* Pods */ = {
			isa = PBXGroup;
			children = (
				CFDD5ACAE21DC750333FE597 /* Pods-VLCstats.debug.xcconfig */,
				B9851FA967C0C8EB72C8EBCC /* Pods-VLCstats.release.xcconfig */,
			);
			path = Pods;
			sourceTree = "<group>";
		};
		EA03BC93B32AB4ACA504B2F6 /* Frameworks */ = {
			isa = PBXGroup;
			children = (
				07DAE5C6B0307BF7EFE51159 /* Pods_VLCstats.framework */,
			);
			name = Frameworks;
			sourceTree = "<group>";
		};
/* End PBXGroup section */

/* Begin PBXNativeTarget section */
		6D4E4ECC23B0235A006138BC /* VLCstats */ = {
			isa = PBXNativeTarget;
			buildConfigurationList = 6D4E4EE123B02360006138BC /* Build configuration list for PBXNativeTarget "VLCstats" */;
			buildPhases = (
				4F711D08D872FB288D4418E2 /* [CP] Check Pods Manifest.lock */,
				6D4E4EC923B0235A006138BC /* Sources */,
				6D4E4ECA23B0235A006138BC /* Frameworks */,
				6D4E4ECB23B0235A006138BC /* Resources */,
			);
			buildRules = (
			);
			dependencies = (
			);
			name = VLCstats;
			productName = VLCstats;
			productReference = 6D4E4ECD23B0235A006138BC /* VLCstats.app */;
			productType = "com.apple.product-type.application";
		};
/* End PBXNativeTarget section */

/* Begin PBXProject section */
		6D4E4EC523B0235A006138BC /* Project object */ = {
			isa = PBXProject;
			attributes = {
				LastSwiftUpdateCheck = 1120;
				LastUpgradeCheck = 1120;
				ORGANIZATIONNAME = "Edgar Fouillet";
				TargetAttributes = {
					6D4E4ECC23B0235A006138BC = {
						CreatedOnToolsVersion = 11.2.1;
						LastSwiftMigration = 1120;
					};
				};
			};
			buildConfigurationList = 6D4E4EC823B0235A006138BC /* Build configuration list for PBXProject "VLCstats" */;
			compatibilityVersion = "Xcode 9.3";
			developmentRegion = en;
			hasScannedForEncodings = 0;
			knownRegions = (
				en,
				Base,
			);
			mainGroup = 6D4E4EC423B0235A006138BC;
			productRefGroup = 6D4E4ECE23B0235A006138BC /* Products */;
			projectDirPath = "";
			projectRoot = "";
			targets = (
				6D4E4ECC23B0235A006138BC /* VLCstats */,
			);
		};
/* End PBXProject section */

/* Begin PBXResourcesBuildPhase section */
		6D4E4ECB23B0235A006138BC /* Resources */ = {
			isa = PBXResourcesBuildPhase;
			buildActionMask = 2147483647;
			files = (
				6D4E4EDD23B0235F006138BC /* LaunchScreen.storyboard in Resources */,
				6D4E4EDA23B0235F006138BC /* Assets.xcassets in Resources */,
				6D4E4ED823B0235A006138BC /* Main.storyboard in Resources */,
			);
			runOnlyForDeploymentPostprocessing = 0;
		};
/* End PBXResourcesBuildPhase section */

/* Begin PBXShellScriptBuildPhase section */
		4F711D08D872FB288D4418E2 /* [CP] Check Pods Manifest.lock */ = {
			isa = PBXShellScriptBuildPhase;
			buildActionMask = 2147483647;
			files = (
			);
			inputFileListPaths = (
			);
			inputPaths = (
				"${PODS_PODFILE_DIR_PATH}/Podfile.lock",
				"${PODS_ROOT}/Manifest.lock",
			);
			name = "[CP] Check Pods Manifest.lock";
			outputFileListPaths = (
			);
			outputPaths = (
				"$(DERIVED_FILE_DIR)/Pods-VLCstats-checkManifestLockResult.txt",
			);
			runOnlyForDeploymentPostprocessing = 0;
			shellPath = /bin/sh;
			shellScript = "diff \"${PODS_PODFILE_DIR_PATH}/Podfile.lock\" \"${PODS_ROOT}/Manifest.lock\" > /dev/null\nif [ $? != 0 ] ; then\n    # print error to STDERR\n    echo \"error: The sandbox is not in sync with the Podfile.lock. Run 'pod install' or update your CocoaPods installation.\" >&2\n    exit 1\nfi\n# This output is used by Xcode 'outputs' to avoid re-running this script phase.\necho \"SUCCESS\" > \"${SCRIPT_OUTPUT_FILE_0}\"\n";
			showEnvVarsInLog = 0;
		};
/* End PBXShellScriptBuildPhase section */

/* Begin PBXSourcesBuildPhase section */
		6D4E4EC923B0235A006138BC /* Sources */ = {
			isa = PBXSourcesBuildPhase;
			buildActionMask = 2147483647;
			files = (
				6D4E4EE923B02394006138BC /* QuickChart.swift in Sources */,
				6D4E4ED123B0235A006138BC /* AppDelegate.swift in Sources */,
				6D4E4EE523B02388006138BC /* HomeViewController.swift in Sources */,
				6D4E4EE723B0238E006138BC /* PlayerViewController.swift in Sources */,
			);
			runOnlyForDeploymentPostprocessing = 0;
		};
/* End PBXSourcesBuildPhase section */

/* Begin PBXVariantGroup section */
		6D4E4ED623B0235A006138BC /* Main.storyboard */ = {
			isa = PBXVariantGroup;
			children = (
				6D4E4ED723B0235A006138BC /* Base */,
			);
			name = Main.storyboard;
			sourceTree = "<group>";
		};
		6D4E4EDB23B0235F006138BC /* LaunchScreen.storyboard */ = {
			isa = PBXVariantGroup;
			children = (
				6D4E4EDC23B0235F006138BC /* Base */,
			);
			name = LaunchScreen.storyboard;
			sourceTree = "<group>";
		};
/* End PBXVariantGroup section */

/* Begin XCBuildConfiguration section */
		6D4E4EDF23B02360006138BC /* Debug */ = {
			isa = XCBuildConfiguration;
			buildSettings = {
				ALWAYS_SEARCH_USER_PATHS = NO;
				CLANG_ANALYZER_NONNULL = YES;
				CLANG_ANALYZER_NUMBER_OBJECT_CONVERSION = YES_AGGRESSIVE;
				CLANG_CXX_LANGUAGE_STANDARD = "gnu++14";
				CLANG_CXX_LIBRARY = "libc++";
				CLANG_ENABLE_MODULES = YES;
				CLANG_ENABLE_OBJC_ARC = YES;
				CLANG_ENABLE_OBJC_WEAK = YES;
				CLANG_WARN_BLOCK_CAPTURE_AUTORELEASING = YES;
				CLANG_WARN_BOOL_CONVERSION = YES;
				CLANG_WARN_COMMA = YES;
				CLANG_WARN_CONSTANT_CONVERSION = YES;
				CLANG_WARN_DEPRECATED_OBJC_IMPLEMENTATIONS = YES;
				CLANG_WARN_DIRECT_OBJC_ISA_USAGE = YES_ERROR;
				CLANG_WARN_DOCUMENTATION_COMMENTS = YES;
				CLANG_WARN_EMPTY_BODY = YES;
				CLANG_WARN_ENUM_CONVERSION = YES;
				CLANG_WARN_INFINITE_RECURSION = YES;
				CLANG_WARN_INT_CONVERSION = YES;
				CLANG_WARN_NON_LITERAL_NULL_CONVERSION = YES;
				CLANG_WARN_OBJC_IMPLICIT_RETAIN_SELF = YES;
				CLANG_WARN_OBJC_LITERAL_CONVERSION = YES;
				CLANG_WARN_OBJC_ROOT_CLASS = YES_ERROR;
				CLANG_WARN_RANGE_LOOP_ANALYSIS = YES;
				CLANG_WARN_STRICT_PROTOTYPES = YES;
				CLANG_WARN_SUSPICIOUS_MOVE = YES;
				CLANG_WARN_UNGUARDED_AVAILABILITY = YES_AGGRESSIVE;
				CLANG_WARN_UNREACHABLE_CODE = YES;
				CLANG_WARN__DUPLICATE_METHOD_MATCH = YES;
				COPY_PHASE_STRIP = NO;
				DEBUG_INFORMATION_FORMAT = dwarf;
				ENABLE_BITCODE = NO;
				ENABLE_STRICT_OBJC_MSGSEND = YES;
				ENABLE_TESTABILITY = YES;
				GCC_C_LANGUAGE_STANDARD = gnu11;
				GCC_DYNAMIC_NO_PIC = NO;
				GCC_NO_COMMON_BLOCKS = YES;
				GCC_OPTIMIZATION_LEVEL = 0;
				GCC_PREPROCESSOR_DEFINITIONS = (
					"DEBUG=1",
					"$(inherited)",
				);
				GCC_WARN_64_TO_32_BIT_CONVERSION = YES;
				GCC_WARN_ABOUT_RETURN_TYPE = YES_ERROR;
				GCC_WARN_UNDECLARED_SELECTOR = YES;
				GCC_WARN_UNINITIALIZED_AUTOS = YES_AGGRESSIVE;
				GCC_WARN_UNUSED_FUNCTION = YES;
				GCC_WARN_UNUSED_VARIABLE = YES;
				IPHONEOS_DEPLOYMENT_TARGET = 13.2;
				MTL_ENABLE_DEBUG_INFO = INCLUDE_SOURCE;
				MTL_FAST_MATH = YES;
				ONLY_ACTIVE_ARCH = YES;
				SDKROOT = iphoneos;
				SWIFT_ACTIVE_COMPILATION_CONDITIONS = DEBUG;
				SWIFT_OPTIMIZATION_LEVEL = "-Onone";
			};
			name = Debug;
		};
		6D4E4EE023B02360006138BC /* Release */ = {
			isa = XCBuildConfiguration;
			buildSettings = {
				ALWAYS_SEARCH_USER_PATHS = NO;
				CLANG_ANALYZER_NONNULL = YES;
				CLANG_ANALYZER_NUMBER_OBJECT_CONVERSION = YES_AGGRESSIVE;
				CLANG_CXX_LANGUAGE_STANDARD = "gnu++14";
				CLANG_CXX_LIBRARY = "libc++";
				CLANG_ENABLE_MODULES = YES;
				CLANG_ENABLE_OBJC_ARC = YES;
				CLANG_ENABLE_OBJC_WEAK = YES;
				CLANG_WARN_BLOCK_CAPTURE_AUTORELEASING = YES;
				CLANG_WARN_BOOL_CONVERSION = YES;
				CLANG_WARN_COMMA = YES;
				CLANG_WARN_CONSTANT_CONVERSION = YES;
				CLANG_WARN_DEPRECATED_OBJC_IMPLEMENTATIONS = YES;
				CLANG_WARN_DIRECT_OBJC_ISA_USAGE = YES_ERROR;
				CLANG_WARN_DOCUMENTATION_COMMENTS = YES;
				CLANG_WARN_EMPTY_BODY = YES;
				CLANG_WARN_ENUM_CONVERSION = YES;
				CLANG_WARN_INFINITE_RECURSION = YES;
				CLANG_WARN_INT_CONVERSION = YES;
				CLANG_WARN_NON_LITERAL_NULL_CONVERSION = YES;
				CLANG_WARN_OBJC_IMPLICIT_RETAIN_SELF = YES;
				CLANG_WARN_OBJC_LITERAL_CONVERSION = YES;
				CLANG_WARN_OBJC_ROOT_CLASS = YES_ERROR;
				CLANG_WARN_RANGE_LOOP_ANALYSIS = YES;
				CLANG_WARN_STRICT_PROTOTYPES = YES;
				CLANG_WARN_SUSPICIOUS_MOVE = YES;
				CLANG_WARN_UNGUARDED_AVAILABILITY = YES_AGGRESSIVE;
				CLANG_WARN_UNREACHABLE_CODE = YES;
				CLANG_WARN__DUPLICATE_METHOD_MATCH = YES;
				COPY_PHASE_STRIP = NO;
				DEBUG_INFORMATION_FORMAT = "dwarf-with-dsym";
				ENABLE_BITCODE = NO;
				ENABLE_NS_ASSERTIONS = NO;
				ENABLE_STRICT_OBJC_MSGSEND = YES;
				GCC_C_LANGUAGE_STANDARD = gnu11;
				GCC_NO_COMMON_BLOCKS = YES;
				GCC_WARN_64_TO_32_BIT_CONVERSION = YES;
				GCC_WARN_ABOUT_RETURN_TYPE = YES_ERROR;
				GCC_WARN_UNDECLARED_SELECTOR = YES;
				GCC_WARN_UNINITIALIZED_AUTOS = YES_AGGRESSIVE;
				GCC_WARN_UNUSED_FUNCTION = YES;
				GCC_WARN_UNUSED_VARIABLE = YES;
				IPHONEOS_DEPLOYMENT_TARGET = 13.2;
				MTL_ENABLE_DEBUG_INFO = NO;
				MTL_FAST_MATH = YES;
				SDKROOT = iphoneos;
				SWIFT_COMPILATION_MODE = wholemodule;
				SWIFT_OPTIMIZATION_LEVEL = "-O";
				VALIDATE_PRODUCT = YES;
			};
			name = Release;
		};
		6D4E4EE223B02360006138BC /* Debug */ = {
			isa = XCBuildConfiguration;
			baseConfigurationReference = CFDD5ACAE21DC750333FE597 /* Pods-VLCstats.debug.xcconfig */;
			buildSettings = {
				ASSETCATALOG_COMPILER_APPICON_NAME = AppIcon;
				CLANG_ENABLE_MODULES = YES;
				CODE_SIGN_STYLE = Automatic;
				DEVELOPMENT_TEAM = 8WV53P5NF6;
				ENABLE_BITCODE = NO;
				INFOPLIST_FILE = VLCstats/Info.plist;
				IPHONEOS_DEPLOYMENT_TARGET = 9.0;
				LD_RUNPATH_SEARCH_PATHS = (
					"$(inherited)",
					"@executable_path/Frameworks",
				);
				PRODUCT_BUNDLE_IDENTIFIER = eu.fouillet.edgar.VLCstats;
				PRODUCT_NAME = "$(TARGET_NAME)";
				SWIFT_OBJC_BRIDGING_HEADER = "VLCstats/VLCstats-Bridging-Header.h";
				SWIFT_OPTIMIZATION_LEVEL = "-Onone";
				SWIFT_VERSION = 5.0;
				TARGETED_DEVICE_FAMILY = "1,2";
			};
			name = Debug;
		};
		6D4E4EE323B02360006138BC /* Release */ = {
			isa = XCBuildConfiguration;
			baseConfigurationReference = B9851FA967C0C8EB72C8EBCC /* Pods-VLCstats.release.xcconfig */;
			buildSettings = {
				ASSETCATALOG_COMPILER_APPICON_NAME = AppIcon;
				CLANG_ENABLE_MODULES = YES;
				CODE_SIGN_STYLE = Automatic;
				DEVELOPMENT_TEAM = 8WV53P5NF6;
				ENABLE_BITCODE = NO;
				INFOPLIST_FILE = VLCstats/Info.plist;
				IPHONEOS_DEPLOYMENT_TARGET = 9.0;
				LD_RUNPATH_SEARCH_PATHS = (
					"$(inherited)",
					"@executable_path/Frameworks",
				);
				PRODUCT_BUNDLE_IDENTIFIER = eu.fouillet.edgar.VLCstats;
				PRODUCT_NAME = "$(TARGET_NAME)";
				SWIFT_OBJC_BRIDGING_HEADER = "VLCstats/VLCstats-Bridging-Header.h";
				SWIFT_VERSION = 5.0;
				TARGETED_DEVICE_FAMILY = "1,2";
			};
			name = Release;
		};
/* End XCBuildConfiguration section */

/* Begin XCConfigurationList section */
		6D4E4EC823B0235A006138BC /* Build configuration list for PBXProject "VLCstats" */ = {
			isa = XCConfigurationList;
			buildConfigurations = (
				6D4E4EDF23B02360006138BC /* Debug */,
				6D4E4EE023B02360006138BC /* Release */,
			);
			defaultConfigurationIsVisible = 0;
			defaultConfigurationName = Release;
		};
		6D4E4EE123B02360006138BC /* Build configuration list for PBXNativeTarget "VLCstats" */ = {
			isa = XCConfigurationList;
			buildConfigurations = (
				6D4E4EE223B02360006138BC /* Debug */,
				6D4E4EE323B02360006138BC /* Release */,
			);
			defaultConfigurationIsVisible = 0;
			defaultConfigurationName = Release;
		};
/* End XCConfigurationList section */
	};
	rootObject = 6D4E4EC523B0235A006138BC /* Project object */;
}
